
Microsoft Visual Studio Solution File, Format Version 12.00
# Visual Studio 15
VisualStudioVersion = 15.0.26730.16
MinimumVisualStudioVersion = 10.0.40219.1
Project("{FAE04EC0-301F-11D3-BF4B-00C04F79EFBC}") = "Keede.DAL.RWSplitting.UnitTest", "Keede.DAL.RWSplitting.UnitTest\Keede.DAL.RWSplitting.UnitTest.csproj", "{C7221799-C2DE-469A-AD8B-EAA0F06B4711}"
EndProject
Project("{2150E333-8FDC-42A3-9474-1A3956D46DE8}") = "UnitTest", "UnitTest", "{09E18B60-E5D9-4B34-BA5D-45658B8DE7DD}"
EndProject
Project("{FAE04EC0-301F-11D3-BF4B-00C04F79EFBC}") = "Keede.DAL.DomainBase.UnitTest", "Keede.DAL.DomainBase.UnitTest\Keede.DAL.DomainBase.UnitTest.csproj", "{9B765F2D-63DE-4714-A4D5-0C8890604665}"
EndProject
Project("{FAE04EC0-301F-11D3-BF4B-00C04F79EFBC}") = "Keede.DAL.Helper", "Keede.DAL.Helper\Keede.DAL.Helper.csproj", "{362009F2-3F5F-44C3-AE34-8ABEB35C2DF4}"
EndProject
Project("{FAE04EC0-301F-11D3-BF4B-00C04F79EFBC}") = "Keede.DAL.DDD", "Keede.DAL.DDD\Keede.DAL.DDD.csproj", "{73C19C15-5933-489A-AE5D-275425709354}"
EndProject
Project("{FAE04EC0-301F-11D3-BF4B-00C04F79EFBC}") = "Keede.DAL.HelperTests", "Keede.DAL.HelperTests\Keede.DAL.HelperTests.csproj", "{E0A6437B-3B58-4BF0-AB17-ED2887CF0E70}"
EndProject
Project("{FAE04EC0-301F-11D3-BF4B-00C04F79EFBC}") = "Dapper.UnitTest", "Dapper.UnitTest\Dapper.UnitTest.csproj", "{293CB415-0F6B-4E10-B0AA-79E66A0B28A4}"
EndProject
Project("{FAE04EC0-301F-11D3-BF4B-00C04F79EFBC}") = "Keede.DAL.RWSplitting", "Keede.DAL.RWSplitting\Keede.DAL.RWSplitting.csproj", "{F842E429-158F-4C9B-8C98-F7839A39190B}"
EndProject
Project("{FAE04EC0-301F-11D3-BF4B-00C04F79EFBC}") = "Dapper", "Dapper\Dapper.csproj", "{AD51A929-B464-4675-B892-F69DDFF50A88}"
EndProject
Project("{FAE04EC0-301F-11D3-BF4B-00C04F79EFBC}") = "Dapper.net462", "Dapper.net462\Dapper.net462.csproj", "{C872A7D5-567A-4320-B805-FC32DB20B8E1}"
EndProject
Global
	GlobalSection(SolutionConfigurationPlatforms) = preSolution
		Debug|Any CPU = Debug|Any CPU
		Debug|ARM = Debug|ARM
		Debug|x64 = Debug|x64
		Debug|x86 = Debug|x86
		Release|Any CPU = Release|Any CPU
		Release|ARM = Release|ARM
		Release|x64 = Release|x64
		Release|x86 = Release|x86
	EndGlobalSection
	GlobalSection(ProjectConfigurationPlatforms) = postSolution
		{C7221799-C2DE-469A-AD8B-EAA0F06B4711}.Debug|Any CPU.ActiveCfg = Debug|Any CPU
		{C7221799-C2DE-469A-AD8B-EAA0F06B4711}.Debug|Any CPU.Build.0 = Debug|Any CPU
		{C7221799-C2DE-469A-AD8B-EAA0F06B4711}.Debug|ARM.ActiveCfg = Debug|Any CPU
		{C7221799-C2DE-469A-AD8B-EAA0F06B4711}.Debug|ARM.Build.0 = Debug|Any CPU
		{C7221799-C2DE-469A-AD8B-EAA0F06B4711}.Debug|x64.ActiveCfg = Debug|Any CPU
		{C7221799-C2DE-469A-AD8B-EAA0F06B4711}.Debug|x64.Build.0 = Debug|Any CPU
		{C7221799-C2DE-469A-AD8B-EAA0F06B4711}.Debug|x86.ActiveCfg = Debug|Any CPU
		{C7221799-C2DE-469A-AD8B-EAA0F06B4711}.Debug|x86.Build.0 = Debug|Any CPU
		{C7221799-C2DE-469A-AD8B-EAA0F06B4711}.Release|Any CPU.ActiveCfg = Release|Any CPU
		{C7221799-C2DE-469A-AD8B-EAA0F06B4711}.Release|Any CPU.Build.0 = Release|Any CPU
		{C7221799-C2DE-469A-AD8B-EAA0F06B4711}.Release|ARM.ActiveCfg = Release|Any CPU
		{C7221799-C2DE-469A-AD8B-EAA0F06B4711}.Release|ARM.Build.0 = Release|Any CPU
		{C7221799-C2DE-469A-AD8B-EAA0F06B4711}.Release|x64.ActiveCfg = Release|Any CPU
		{C7221799-C2DE-469A-AD8B-EAA0F06B4711}.Release|x64.Build.0 = Release|Any CPU
		{C7221799-C2DE-469A-AD8B-EAA0F06B4711}.Release|x86.ActiveCfg = Release|Any CPU
		{C7221799-C2DE-469A-AD8B-EAA0F06B4711}.Release|x86.Build.0 = Release|Any CPU
		{9B765F2D-63DE-4714-A4D5-0C8890604665}.Debug|Any CPU.ActiveCfg = Debug|Any CPU
		{9B765F2D-63DE-4714-A4D5-0C8890604665}.Debug|Any CPU.Build.0 = Debug|Any CPU
		{9B765F2D-63DE-4714-A4D5-0C8890604665}.Debug|ARM.ActiveCfg = Debug|Any CPU
		{9B765F2D-63DE-4714-A4D5-0C8890604665}.Debug|ARM.Build.0 = Debug|Any CPU
		{9B765F2D-63DE-4714-A4D5-0C8890604665}.Debug|x64.ActiveCfg = Debug|Any CPU
		{9B765F2D-63DE-4714-A4D5-0C8890604665}.Debug|x64.Build.0 = Debug|Any CPU
		{9B765F2D-63DE-4714-A4D5-0C8890604665}.Debug|x86.ActiveCfg = Debug|Any CPU
		{9B765F2D-63DE-4714-A4D5-0C8890604665}.Debug|x86.Build.0 = Debug|Any CPU
		{9B765F2D-63DE-4714-A4D5-0C8890604665}.Release|Any CPU.ActiveCfg = Release|Any CPU
		{9B765F2D-63DE-4714-A4D5-0C8890604665}.Release|Any CPU.Build.0 = Release|Any CPU
		{9B765F2D-63DE-4714-A4D5-0C8890604665}.Release|ARM.ActiveCfg = Release|Any CPU
		{9B765F2D-63DE-4714-A4D5-0C8890604665}.Release|ARM.Build.0 = Release|Any CPU
		{9B765F2D-63DE-4714-A4D5-0C8890604665}.Release|x64.ActiveCfg = Release|Any CPU
		{9B765F2D-63DE-4714-A4D5-0C8890604665}.Release|x64.Build.0 = Release|Any CPU
		{9B765F2D-63DE-4714-A4D5-0C8890604665}.Release|x86.ActiveCfg = Release|Any CPU
		{9B765F2D-63DE-4714-A4D5-0C8890604665}.Release|x86.Build.0 = Release|Any CPU
		{362009F2-3F5F-44C3-AE34-8ABEB35C2DF4}.Debug|Any CPU.ActiveCfg = Debug|Any CPU
		{362009F2-3F5F-44C3-AE34-8ABEB35C2DF4}.Debug|Any CPU.Build.0 = Debug|Any CPU
		{362009F2-3F5F-44C3-AE34-8ABEB35C2DF4}.Debug|ARM.ActiveCfg = Debug|Any CPU
		{362009F2-3F5F-44C3-AE34-8ABEB35C2DF4}.Debug|ARM.Build.0 = Debug|Any CPU
		{362009F2-3F5F-44C3-AE34-8ABEB35C2DF4}.Debug|x64.ActiveCfg = Debug|Any CPU
		{362009F2-3F5F-44C3-AE34-8ABEB35C2DF4}.Debug|x64.Build.0 = Debug|Any CPU
		{362009F2-3F5F-44C3-AE34-8ABEB35C2DF4}.Debug|x86.ActiveCfg = Debug|Any CPU
		{362009F2-3F5F-44C3-AE34-8ABEB35C2DF4}.Debug|x86.Build.0 = Debug|Any CPU
		{362009F2-3F5F-44C3-AE34-8ABEB35C2DF4}.Release|Any CPU.ActiveCfg = Release|Any CPU
		{362009F2-3F5F-44C3-AE34-8ABEB35C2DF4}.Release|Any CPU.Build.0 = Release|Any CPU
		{362009F2-3F5F-44C3-AE34-8ABEB35C2DF4}.Release|ARM.ActiveCfg = Release|Any CPU
		{362009F2-3F5F-44C3-AE34-8ABEB35C2DF4}.Release|ARM.Build.0 = Release|Any CPU
		{362009F2-3F5F-44C3-AE34-8ABEB35C2DF4}.Release|x64.ActiveCfg = Release|Any CPU
		{362009F2-3F5F-44C3-AE34-8ABEB35C2DF4}.Release|x64.Build.0 = Release|Any CPU
		{362009F2-3F5F-44C3-AE34-8ABEB35C2DF4}.Release|x86.ActiveCfg = Release|Any CPU
		{362009F2-3F5F-44C3-AE34-8ABEB35C2DF4}.Release|x86.Build.0 = Release|Any CPU
		{73C19C15-5933-489A-AE5D-275425709354}.Debug|Any CPU.ActiveCfg = Debug|Any CPU
		{73C19C15-5933-489A-AE5D-275425709354}.Debug|Any CPU.Build.0 = Debug|Any CPU
		{73C19C15-5933-489A-AE5D-275425709354}.Debug|ARM.ActiveCfg = Debug|Any CPU
		{73C19C15-5933-489A-AE5D-275425709354}.Debug|ARM.Build.0 = Debug|Any CPU
		{73C19C15-5933-489A-AE5D-275425709354}.Debug|x64.ActiveCfg = Debug|Any CPU
		{73C19C15-5933-489A-AE5D-275425709354}.Debug|x64.Build.0 = Debug|Any CPU
		{73C19C15-5933-489A-AE5D-275425709354}.Debug|x86.ActiveCfg = Debug|Any CPU
		{73C19C15-5933-489A-AE5D-275425709354}.Debug|x86.Build.0 = Debug|Any CPU
		{73C19C15-5933-489A-AE5D-275425709354}.Release|Any CPU.ActiveCfg = Release|Any CPU
		{73C19C15-5933-489A-AE5D-275425709354}.Release|Any CPU.Build.0 = Release|Any CPU
		{73C19C15-5933-489A-AE5D-275425709354}.Release|ARM.ActiveCfg = Release|Any CPU
		{73C19C15-5933-489A-AE5D-275425709354}.Release|ARM.Build.0 = Release|Any CPU
		{73C19C15-5933-489A-AE5D-275425709354}.Release|x64.ActiveCfg = Release|Any CPU
		{73C19C15-5933-489A-AE5D-275425709354}.Release|x64.Build.0 = Release|Any CPU
		{73C19C15-5933-489A-AE5D-275425709354}.Release|x86.ActiveCfg = Release|Any CPU
		{73C19C15-5933-489A-AE5D-275425709354}.Release|x86.Build.0 = Release|Any CPU
		{E0A6437B-3B58-4BF0-AB17-ED2887CF0E70}.Debug|Any CPU.ActiveCfg = Debug|Any CPU
		{E0A6437B-3B58-4BF0-AB17-ED2887CF0E70}.Debug|Any CPU.Build.0 = Debug|Any CPU
		{E0A6437B-3B58-4BF0-AB17-ED2887CF0E70}.Debug|ARM.ActiveCfg = Debug|Any CPU
		{E0A6437B-3B58-4BF0-AB17-ED2887CF0E70}.Debug|ARM.Build.0 = Debug|Any CPU
		{E0A6437B-3B58-4BF0-AB17-ED2887CF0E70}.Debug|x64.ActiveCfg = Debug|Any CPU
		{E0A6437B-3B58-4BF0-AB17-ED2887CF0E70}.Debug|x64.Build.0 = Debug|Any CPU
		{E0A6437B-3B58-4BF0-AB17-ED2887CF0E70}.Debug|x86.ActiveCfg = Debug|Any CPU
		{E0A6437B-3B58-4BF0-AB17-ED2887CF0E70}.Debug|x86.Build.0 = Debug|Any CPU
		{E0A6437B-3B58-4BF0-AB17-ED2887CF0E70}.Release|Any CPU.ActiveCfg = Release|Any CPU
		{E0A6437B-3B58-4BF0-AB17-ED2887CF0E70}.Release|Any CPU.Build.0 = Release|Any CPU
		{E0A6437B-3B58-4BF0-AB17-ED2887CF0E70}.Release|ARM.ActiveCfg = Release|Any CPU
		{E0A6437B-3B58-4BF0-AB17-ED2887CF0E70}.Release|ARM.Build.0 = Release|Any CPU
		{E0A6437B-3B58-4BF0-AB17-ED2887CF0E70}.Release|x64.ActiveCfg = Release|Any CPU
		{E0A6437B-3B58-4BF0-AB17-ED2887CF0E70}.Release|x64.Build.0 = Release|Any CPU
		{E0A6437B-3B58-4BF0-AB17-ED2887CF0E70}.Release|x86.ActiveCfg = Release|Any CPU
		{E0A6437B-3B58-4BF0-AB17-ED2887CF0E70}.Release|x86.Build.0 = Release|Any CPU
		{293CB415-0F6B-4E10-B0AA-79E66A0B28A4}.Debug|Any CPU.ActiveCfg = Debug|Any CPU
		{293CB415-0F6B-4E10-B0AA-79E66A0B28A4}.Debug|Any CPU.Build.0 = Debug|Any CPU
		{293CB415-0F6B-4E10-B0AA-79E66A0B28A4}.Debug|ARM.ActiveCfg = Debug|Any CPU
		{293CB415-0F6B-4E10-B0AA-79E66A0B28A4}.Debug|ARM.Build.0 = Debug|Any CPU
		{293CB415-0F6B-4E10-B0AA-79E66A0B28A4}.Debug|x64.ActiveCfg = Debug|Any CPU
		{293CB415-0F6B-4E10-B0AA-79E66A0B28A4}.Debug|x64.Build.0 = Debug|Any CPU
		{293CB415-0F6B-4E10-B0AA-79E66A0B28A4}.Debug|x86.ActiveCfg = Debug|Any CPU
		{293CB415-0F6B-4E10-B0AA-79E66A0B28A4}.Debug|x86.Build.0 = Debug|Any CPU
		{293CB415-0F6B-4E10-B0AA-79E66A0B28A4}.Release|Any CPU.ActiveCfg = Release|Any CPU
		{293CB415-0F6B-4E10-B0AA-79E66A0B28A4}.Release|Any CPU.Build.0 = Release|Any CPU
		{293CB415-0F6B-4E10-B0AA-79E66A0B28A4}.Release|ARM.ActiveCfg = Release|Any CPU
		{293CB415-0F6B-4E10-B0AA-79E66A0B28A4}.Release|ARM.Build.0 = Release|Any CPU
		{293CB415-0F6B-4E10-B0AA-79E66A0B28A4}.Release|x64.ActiveCfg = Release|Any CPU
		{293CB415-0F6B-4E10-B0AA-79E66A0B28A4}.Release|x64.Build.0 = Release|Any CPU
		{293CB415-0F6B-4E10-B0AA-79E66A0B28A4}.Release|x86.ActiveCfg = Release|Any CPU
		{293CB415-0F6B-4E10-B0AA-79E66A0B28A4}.Release|x86.Build.0 = Release|Any CPU
		{F842E429-158F-4C9B-8C98-F7839A39190B}.Debug|Any CPU.ActiveCfg = Debug|Any CPU
		{F842E429-158F-4C9B-8C98-F7839A39190B}.Debug|Any CPU.Build.0 = Debug|Any CPU
		{F842E429-158F-4C9B-8C98-F7839A39190B}.Debug|ARM.ActiveCfg = Debug|Any CPU
		{F842E429-158F-4C9B-8C98-F7839A39190B}.Debug|ARM.Build.0 = Debug|Any CPU
		{F842E429-158F-4C9B-8C98-F7839A39190B}.Debug|x64.ActiveCfg = Debug|Any CPU
		{F842E429-158F-4C9B-8C98-F7839A39190B}.Debug|x64.Build.0 = Debug|Any CPU
		{F842E429-158F-4C9B-8C98-F7839A39190B}.Debug|x86.ActiveCfg = Debug|Any CPU
		{F842E429-158F-4C9B-8C98-F7839A39190B}.Debug|x86.Build.0 = Debug|Any CPU
		{F842E429-158F-4C9B-8C98-F7839A39190B}.Release|Any CPU.ActiveCfg = Release|Any CPU
		{F842E429-158F-4C9B-8C98-F7839A39190B}.Release|Any CPU.Build.0 = Release|Any CPU
		{F842E429-158F-4C9B-8C98-F7839A39190B}.Release|ARM.ActiveCfg = Release|Any CPU
		{F842E429-158F-4C9B-8C98-F7839A39190B}.Release|ARM.Build.0 = Release|Any CPU
		{F842E429-158F-4C9B-8C98-F7839A39190B}.Release|x64.ActiveCfg = Release|Any CPU
		{F842E429-158F-4C9B-8C98-F7839A39190B}.Release|x64.Build.0 = Release|Any CPU
		{F842E429-158F-4C9B-8C98-F7839A39190B}.Release|x86.ActiveCfg = Release|Any CPU
		{F842E429-158F-4C9B-8C98-F7839A39190B}.Release|x86.Build.0 = Release|Any CPU
		{AD51A929-B464-4675-B892-F69DDFF50A88}.Debug|Any CPU.ActiveCfg = Debug|Any CPU
		{AD51A929-B464-4675-B892-F69DDFF50A88}.Debug|Any CPU.Build.0 = Debug|Any CPU
		{AD51A929-B464-4675-B892-F69DDFF50A88}.Debug|ARM.ActiveCfg = Debug|Any CPU
		{AD51A929-B464-4675-B892-F69DDFF50A88}.Debug|ARM.Build.0 = Debug|Any CPU
		{AD51A929-B464-4675-B892-F69DDFF50A88}.Debug|x64.ActiveCfg = Debug|Any CPU
		{AD51A929-B464-4675-B892-F69DDFF50A88}.Debug|x64.Build.0 = Debug|Any CPU
		{AD51A929-B464-4675-B892-F69DDFF50A88}.Debug|x86.ActiveCfg = Debug|Any CPU
		{AD51A929-B464-4675-B892-F69DDFF50A88}.Debug|x86.Build.0 = Debug|Any CPU
		{AD51A929-B464-4675-B892-F69DDFF50A88}.Release|Any CPU.ActiveCfg = Release|Any CPU
		{AD51A929-B464-4675-B892-F69DDFF50A88}.Release|Any CPU.Build.0 = Release|Any CPU
		{AD51A929-B464-4675-B892-F69DDFF50A88}.Release|ARM.ActiveCfg = Release|Any CPU
		{AD51A929-B464-4675-B892-F69DDFF50A88}.Release|ARM.Build.0 = Release|Any CPU
		{AD51A929-B464-4675-B892-F69DDFF50A88}.Release|x64.ActiveCfg = Release|Any CPU
		{AD51A929-B464-4675-B892-F69DDFF50A88}.Release|x64.Build.0 = Release|Any CPU
		{AD51A929-B464-4675-B892-F69DDFF50A88}.Release|x86.ActiveCfg = Release|Any CPU
		{AD51A929-B464-4675-B892-F69DDFF50A88}.Release|x86.Build.0 = Release|Any CPU
		{C872A7D5-567A-4320-B805-FC32DB20B8E1}.Debug|Any CPU.ActiveCfg = Debug|Any CPU
		{C872A7D5-567A-4320-B805-FC32DB20B8E1}.Debug|Any CPU.Build.0 = Debug|Any CPU
		{C872A7D5-567A-4320-B805-FC32DB20B8E1}.Debug|ARM.ActiveCfg = Debug|Any CPU
		{C872A7D5-567A-4320-B805-FC32DB20B8E1}.Debug|ARM.Build.0 = Debug|Any CPU
		{C872A7D5-567A-4320-B805-FC32DB20B8E1}.Debug|x64.ActiveCfg = Debug|Any CPU
		{C872A7D5-567A-4320-B805-FC32DB20B8E1}.Debug|x64.Build.0 = Debug|Any CPU
		{C872A7D5-567A-4320-B805-FC32DB20B8E1}.Debug|x86.ActiveCfg = Debug|Any CPU
		{C872A7D5-567A-4320-B805-FC32DB20B8E1}.Debug|x86.Build.0 = Debug|Any CPU
		{C872A7D5-567A-4320-B805-FC32DB20B8E1}.Release|Any CPU.ActiveCfg = Release|Any CPU
		{C872A7D5-567A-4320-B805-FC32DB20B8E1}.Release|Any CPU.Build.0 = Release|Any CPU
		{C872A7D5-567A-4320-B805-FC32DB20B8E1}.Release|ARM.ActiveCfg = Release|Any CPU
		{C872A7D5-567A-4320-B805-FC32DB20B8E1}.Release|ARM.Build.0 = Release|Any CPU
		{C872A7D5-567A-4320-B805-FC32DB20B8E1}.Release|x64.ActiveCfg = Release|Any CPU
		{C872A7D5-567A-4320-B805-FC32DB20B8E1}.Release|x64.Build.0 = Release|Any CPU
		{C872A7D5-567A-4320-B805-FC32DB20B8E1}.Release|x86.ActiveCfg = Release|Any CPU
		{C872A7D5-567A-4320-B805-FC32DB20B8E1}.Release|x86.Build.0 = Release|Any CPU
	EndGlobalSection
	GlobalSection(SolutionProperties) = preSolution
		HideSolutionNode = FALSE
	EndGlobalSection
	GlobalSection(NestedProjects) = preSolution
		{C7221799-C2DE-469A-AD8B-EAA0F06B4711} = {09E18B60-E5D9-4B34-BA5D-45658B8DE7DD}
		{9B765F2D-63DE-4714-A4D5-0C8890604665} = {09E18B60-E5D9-4B34-BA5D-45658B8DE7DD}
		{E0A6437B-3B58-4BF0-AB17-ED2887CF0E70} = {09E18B60-E5D9-4B34-BA5D-45658B8DE7DD}
		{293CB415-0F6B-4E10-B0AA-79E66A0B28A4} = {09E18B60-E5D9-4B34-BA5D-45658B8DE7DD}
	EndGlobalSection
	GlobalSection(ExtensibilityGlobals) = postSolution
		SolutionGuid = {DACC6E50-CC28-4678-A092-5A939F03AED5}
	EndGlobalSection
EndGlobal
